
Microsoft Visual Studio Solution File, Format Version 12.00
# Visual Studio Version 17
VisualStudioVersion = 17.4.33110.190
MinimumVisualStudioVersion = 10.0.40219.1
Project("{9A19103F-16F7-4668-BE54-9A1E7A4F7556}") = "Ubiq.FourcastersAPI", "Ubiq.FourcastersAPI\Ubiq.FourcastersAPI.csproj", "{DCAF820C-D0C5-404B-85C1-9608CA8EEE82}"
EndProject
Project("{2150E333-8FDC-42A3-9474-1A3956D46DE8}") = "Solution Items", "Solution Items", "{F63500B3-5F27-447B-B9C7-12246EC7E78E}"
	ProjectSection(SolutionItems) = preProject
		.github\workflows\release.yml = .github\workflows\release.yml
	EndProjectSection
EndProject
Project("{FAE04EC0-301F-11D3-BF4B-00C04F79EFBC}") = "TestArea", "TestArea\TestArea.csproj", "{5AC2C0D4-3B76-43EE-8024-3F4300918EAC}"
EndProject
Global
	GlobalSection(SolutionConfigurationPlatforms) = preSolution
		Debug|Any CPU = Debug|Any CPU
		Release|Any CPU = Release|Any CPU
	EndGlobalSection
	GlobalSection(ProjectConfigurationPlatforms) = postSolution
		{DCAF820C-D0C5-404B-85C1-9608CA8EEE82}.Debug|Any CPU.ActiveCfg = Debug|Any CPU
		{DCAF820C-D0C5-404B-85C1-9608CA8EEE82}.Debug|Any CPU.Build.0 = Debug|Any CPU
		{DCAF820C-D0C5-404B-85C1-9608CA8EEE82}.Release|Any CPU.ActiveCfg = Release|Any CPU
		{DCAF820C-D0C5-404B-85C1-9608CA8EEE82}.Release|Any CPU.Build.0 = Release|Any CPU
		{5AC2C0D4-3B76-43EE-8024-3F4300918EAC}.Debug|Any CPU.ActiveCfg = Debug|Any CPU
		{5AC2C0D4-3B76-43EE-8024-3F4300918EAC}.Debug|Any CPU.Build.0 = Debug|Any CPU
		{5AC2C0D4-3B76-43EE-8024-3F4300918EAC}.Release|Any CPU.ActiveCfg = Release|Any CPU
		{5AC2C0D4-3B76-43EE-8024-3F4300918EAC}.Release|Any CPU.Build.0 = Release|Any CPU
	EndGlobalSection
	GlobalSection(SolutionProperties) = preSolution
		HideSolutionNode = FALSE
	EndGlobalSection
	GlobalSection(ExtensibilityGlobals) = postSolution
		SolutionGuid = {D25138ED-09C1-4170-AF13-F6F7A2427622}
	EndGlobalSection
EndGlobal
